Microsoft Visual Studio Solution File, Format Version 12.00
# Visual Studio Version 17
VisualStudioVersion = 17.5.2.0
MinimumVisualStudioVersion = 10.0.40219.1
Project("{FAE04EC0-301F-11D3-BF4B-00C04F79EFBC}") = "IncidentCopilot", "IncidentCopilot.csproj", "{62572552-7ADA-A31B-9997-A7CD47E7A96C}"
EndProject
Global
	GlobalSection(SolutionConfigurationPlatforms) = preSolution
		Debug|Any CPU = Debug|Any CPU
		Release|Any CPU = Release|Any CPU
	EndGlobalSection
	GlobalSection(ProjectConfigurationPlatforms) = postSolution
		{62572552-7ADA-A31B-9997-A7CD47E7A96C}.Debug|Any CPU.ActiveCfg = Debug|Any CPU
		{62572552-7ADA-A31B-9997-A7CD47E7A96C}.Debug|Any CPU.Build.0 = Debug|Any CPU
		{62572552-7ADA-A31B-9997-A7CD47E7A96C}.Release|Any CPU.ActiveCfg = Release|Any CPU
		{62572552-7ADA-A31B-9997-A7CD47E7A96C}.Release|Any CPU.Build.0 = Release|Any CPU
	EndGlobalSection
	GlobalSection(SolutionProperties) = preSolution
		HideSolutionNode = FALSE
	EndGlobalSection
	GlobalSection(ExtensibilityGlobals) = postSolution
		SolutionGuid = {E2830DCB-4CCD-4C17-B422-26D538E5DB33}
	EndGlobalSection
EndGlobal
